
Microsoft Visual Studio Solution File, Format Version 12.00
# Visual Studio 15
VisualStudioVersion = 15.0.27130.2024
MinimumVisualStudioVersion = 10.0.40219.1
Project("{FAE04EC0-301F-11D3-BF4B-00C04F79EFBC}") = "MessageListConvert", "MessageListConvert\MessageListConvert.csproj", "{5440947E-9FF7-498A-87C5-3112704366A7}"
EndProject
Project("{FAE04EC0-301F-11D3-BF4B-00C04F79EFBC}") = "UnitTestProject1", "UnitTestProject1\UnitTestProject1.csproj", "{803C2957-03C0-46FB-8548-27ED1447FAE6}"
EndProject
Global
	GlobalSection(SolutionConfigurationPlatforms) = preSolution
		Debug|Any CPU = Debug|Any CPU
		Release|Any CPU = Release|Any CPU
	EndGlobalSection
	GlobalSection(ProjectConfigurationPlatforms) = postSolution
		{5440947E-9FF7-498A-87C5-3112704366A7}.Debug|Any CPU.ActiveCfg = Debug|Any CPU
		{5440947E-9FF7-498A-87C5-3112704366A7}.Debug|Any CPU.Build.0 = Debug|Any CPU
		{5440947E-9FF7-498A-87C5-3112704366A7}.Release|Any CPU.ActiveCfg = Release|Any CPU
		{5440947E-9FF7-498A-87C5-3112704366A7}.Release|Any CPU.Build.0 = Release|Any CPU
		{803C2957-03C0-46FB-8548-27ED1447FAE6}.Debug|Any CPU.ActiveCfg = Debug|Any CPU
		{803C2957-03C0-46FB-8548-27ED1447FAE6}.Debug|Any CPU.Build.0 = Debug|Any CPU
		{803C2957-03C0-46FB-8548-27ED1447FAE6}.Release|Any CPU.ActiveCfg = Release|Any CPU
		{803C2957-03C0-46FB-8548-27ED1447FAE6}.Release|Any CPU.Build.0 = Release|Any CPU
	EndGlobalSection
	GlobalSection(SolutionProperties) = preSolution
		HideSolutionNode = FALSE
	EndGlobalSection
	GlobalSection(ExtensibilityGlobals) = postSolution
		SolutionGuid = {A4B37DAE-71E7-4E35-B987-86B6C3E9ED36}
	EndGlobalSection
EndGlobal
